// !$*UTF8*$!
{
	archiveVersion = 1;
	classes = {
	};
	objectVersion = 48;
	objects = {

/* Begin PBXBuildFile section */
		6F28641E1FA38AAD00A8F3AC /* Patient.m in Sources */ = {isa = PBXBuildFile; fileRef = 6F28641D1FA38AAD00A8F3AC /* Patient.m */; };
		CEEDEF221FA154BA00723DC4 /* AppDelegate.m in Sources */ = {isa = PBXBuildFile; fileRef = CEEDEF211FA154BA00723DC4 /* AppDelegate.m */; };
		CEEDEF251FA154BA00723DC4 /* FirstViewController.m in Sources */ = {isa = PBXBuildFile; fileRef = CEEDEF241FA154BA00723DC4 /* FirstViewController.m */; };
		CEEDEF281FA154BA00723DC4 /* Main.storyboard in Resources */ = {isa = PBXBuildFile; fileRef = CEEDEF261FA154BA00723DC4 /* Main.storyboard */; };
		CEEDEF2A1FA154BA00723DC4 /* Assets.xcassets in Resources */ = {isa = PBXBuildFile; fileRef = CEEDEF291FA154BA00723DC4 /* Assets.xcassets */; };
		CEEDEF2D1FA154BA00723DC4 /* LaunchScreen.storyboard in Resources */ = {isa = PBXBuildFile; fileRef = CEEDEF2B1FA154BA00723DC4 /* LaunchScreen.storyboard */; };
		CEEDEF301FA154BA00723DC4 /* main.m in Sources */ = {isa = PBXBuildFile; fileRef = CEEDEF2F1FA154BA00723DC4 /* main.m */; };
		CEEDEF381FA155DC00723DC4 /* SecondViewController.m in Sources */ = {isa = PBXBuildFile; fileRef = CEEDEF371FA155DC00723DC4 /* SecondViewController.m */; };
/* End PBXBuildFile section */

/* Begin PBXFileReference section */
		6F28641C1FA38AAD00A8F3AC /* Patient.h */ = {isa = PBXFileReference; lastKnownFileType = sourcecode.c.h; path = Patient.h; sourceTree = "<group>"; };
		6F28641D1FA38AAD00A8F3AC /* Patient.m */ = {isa = PBXFileReference; lastKnownFileType = sourcecode.c.objc; path = Patient.m; sourceTree = "<group>"; };
		CEEDEF1D1FA154BA00723DC4 /* SendOverPersonHeightInfo.app */ = {isa = PBXFileReference; explicitFileType = wrapper.application; includeInIndex = 0; path = SendOverPersonHeightInfo.app; sourceTree = BUILT_PRODUCTS_DIR; };
		CEEDEF201FA154BA00723DC4 /* AppDelegate.h */ = {isa = PBXFileReference; lastKnownFileType = sourcecode.c.h; path = AppDelegate.h; sourceTree = "<group>"; };
		CEEDEF211FA154BA00723DC4 /* AppDelegate.m */ = {isa = PBXFileReference; lastKnownFileType = sourcecode.c.objc; path = AppDelegate.m; sourceTree = "<group>"; };
		CEEDEF231FA154BA00723DC4 /* FirstViewController.h */ = {isa = PBXFileReference; lastKnownFileType = sourcecode.c.h; path = FirstViewController.h; sourceTree = "<group>"; };
		CEEDEF241FA154BA00723DC4 /* FirstViewController.m */ = {isa = PBXFileReference; lastKnownFileType = sourcecode.c.objc; path = FirstViewController.m; sourceTree = "<group>"; };
		CEEDEF271FA154BA00723DC4 /* Base */ = {isa = PBXFileReference; lastKnownFileType = file.storyboard; name = Base; path = Base.lproj/Main.storyboard; sourceTree = "<group>"; };
		CEEDEF291FA154BA00723DC4 /* Assets.xcassets */ = {isa = PBXFileReference; lastKnownFileType = folder.assetcatalog; path = Assets.xcassets; sourceTree = "<group>"; };
		CEEDEF2C1FA154BA00723DC4 /* Base */ = {isa = PBXFileReference; lastKnownFileType = file.storyboard; name = Base; path = Base.lproj/LaunchScreen.storyboard; sourceTree = "<group>"; };
		CEEDEF2E1FA154BA00723DC4 /* Info.plist */ = {isa = PBXFileReference; lastKnownFileType = text.plist.xml; path = Info.plist; sourceTree = "<group>"; };
		CEEDEF2F1FA154BA00723DC4 /* main.m */ = {isa = PBXFileReference; lastKnownFileType = sourcecode.c.objc; path = main.m; sourceTree = "<group>"; };
		CEEDEF361FA155DC00723DC4 /* SecondViewController.h */ = {isa = PBXFileReference; lastKnownFileType = sourcecode.c.h; path = SecondViewController.h; sourceTree = "<group>"; };
		CEEDEF371FA155DC00723DC4 /* SecondViewController.m */ = {isa = PBXFileReference; lastKnownFileType = sourcecode.c.objc; path = SecondViewController.m; sourceTree = "<group>"; };
/* End PBXFileReference section */

/* Begin PBXFrameworksBuildPhase section */
		CEEDEF1A1FA154BA00723DC4 /* Frameworks */ = {
			isa = PBXFrameworksBuildPhase;
			buildActionMask = 2147483647;
			files = (
			);
			runOnlyForDeploymentPostprocessing = 0;
		};
/* End PBXFrameworksBuildPhase section */

/* Begin PBXGroup section */
		CEEDEF141FA154BA00723DC4 = {
			isa = PBXGroup;
			children = (
				CEEDEF1F1FA154BA00723DC4 /* SendOverPersonHeightInfo */,
				CEEDEF1E1FA154BA00723DC4 /* Products */,
			);
			sourceTree = "<group>";
		};
		CEEDEF1E1FA154BA00723DC4 /* Products */ = {
			isa = PBXGroup;
			children = (
				CEEDEF1D1FA154BA00723DC4 /* SendOverPersonHeightInfo.app */,
			);
			name = Products;
			sourceTree = "<group>";
		};
		CEEDEF1F1FA154BA00723DC4 /* SendOverPersonHeightInfo */ = {
			isa = PBXGroup;
			children = (
				CEEDEF201FA154BA00723DC4 /* AppDelegate.h */,
				CEEDEF211FA154BA00723DC4 /* AppDelegate.m */,
				CEEDEF231FA154BA00723DC4 /* FirstViewController.h */,
				CEEDEF241FA154BA00723DC4 /* FirstViewController.m */,
				CEEDEF261FA154BA00723DC4 /* Main.storyboard */,
				CEEDEF291FA154BA00723DC4 /* Assets.xcassets */,
				CEEDEF2B1FA154BA00723DC4 /* LaunchScreen.storyboard */,
				CEEDEF2E1FA154BA00723DC4 /* Info.plist */,
				CEEDEF2F1FA154BA00723DC4 /* main.m */,
				CEEDEF361FA155DC00723DC4 /* SecondViewController.h */,
				CEEDEF371FA155DC00723DC4 /* SecondViewController.m */,
				6F28641C1FA38AAD00A8F3AC /* Patient.h */,
				6F28641D1FA38AAD00A8F3AC /* Patient.m */,
			);
			path = SendOverPersonHeightInfo;
			sourceTree = "<group>";
		};
/* End PBXGroup section */

/* Begin PBXNativeTarget section */
		CEEDEF1C1FA154BA00723DC4 /* SendOverPersonHeightInfo */ = {
			isa = PBXNativeTarget;
			buildConfigurationList = CEEDEF331FA154BA00723DC4 /* Build configuration list for PBXNativeTarget "SendOverPersonHeightInfo" */;
			buildPhases = (
				CEEDEF191FA154BA00723DC4 /* Sources */,
				CEEDEF1A1FA154BA00723DC4 /* Frameworks */,
				CEEDEF1B1FA154BA00723DC4 /* Resources */,
			);
			buildRules = (
			);
			dependencies = (
			);
			name = SendOverPersonHeightInfo;
			productName = SendOverPersonHeightInfo;
			productReference = CEEDEF1D1FA154BA00723DC4 /* SendOverPersonHeightInfo.app */;
			productType = "com.apple.product-type.application";
		};
/* End PBXNativeTarget section */

/* Begin PBXProject section */
		CEEDEF151FA154BA00723DC4 /* Project object */ = {
			isa = PBXProject;
			attributes = {
				LastUpgradeCheck = 0900;
				ORGANIZATIONNAME = user;
				TargetAttributes = {
					CEEDEF1C1FA154BA00723DC4 = {
						CreatedOnToolsVersion = 9.0.1;
						ProvisioningStyle = Automatic;
					};
				};
			};
			buildConfigurationList = CEEDEF181FA154BA00723DC4 /* Build configuration list for PBXProject "SendOverPersonHeightInfo" */;
			compatibilityVersion = "Xcode 8.0";
			developmentRegion = en;
			hasScannedForEncodings = 0;
			knownRegions = (
				en,
				Base,
			);
			mainGroup = CEEDEF141FA154BA00723DC4;
			productRefGroup = CEEDEF1E1FA154BA00723DC4 /* Products */;
			projectDirPath = "";
			projectRoot = "";
			targets = (
				CEEDEF1C1FA154BA00723DC4 /* SendOverPersonHeightInfo */,
			);
		};
/* End PBXProject section */

/* Begin PBXResourcesBuildPhase section */
		CEEDEF1B1FA154BA00723DC4 /* Resources */ = {
			isa = PBXResourcesBuildPhase;
			buildActionMask = 2147483647;
			files = (
				CEEDEF2D1FA154BA00723DC4 /* LaunchScreen.storyboard in Resources */,
				CEEDEF2A1FA154BA00723DC4 /* Assets.xcassets in Resources */,
				CEEDEF281FA154BA00723DC4 /* Main.storyboard in Resources */,
			);
			runOnlyForDeploymentPostprocessing = 0;
		};
/* End PBXResourcesBuildPhase section */

/* Begin PBXSourcesBuildPhase section */
		CEEDEF191FA154BA00723DC4 /* Sources */ = {
			isa = PBXSourcesBuildPhase;
			buildActionMask = 2147483647;
			files = (
				CEEDEF381FA155DC00723DC4 /* SecondViewController.m in Sources */,
				CEEDEF251FA154BA00723DC4 /* FirstViewController.m in Sources */,
				6F28641E1FA38AAD00A8F3AC /* Patient.m in Sources */,
				CEEDEF301FA154BA00723DC4 /* main.m in Sources */,
				CEEDEF221FA154BA00723DC4 /* AppDelegate.m in Sources */,
			);
			runOnlyForDeploymentPostprocessing = 0;
		};
/* End PBXSourcesBuildPhase section */

/* Begin PBXVariantGroup section */
		CEEDEF261FA154BA00723DC4 /* Main.storyboard */ = {
			isa = PBXVariantGroup;
			children = (
				CEEDEF271FA154BA00723DC4 /* Base */,
			);
			name = Main.storyboard;
			sourceTree = "<group>";
		};
		CEEDEF2B1FA154BA00723DC4 /* LaunchScreen.storyboard */ = {
			isa = PBXVariantGroup;
			children = (
				CEEDEF2C1FA154BA00723DC4 /* Base */,
			);
			name = LaunchScreen.storyboard;
			sourceTree = "<group>";
		};
/* End PBXVariantGroup section */

/* Begin XCBuildConfiguration section */
		CEEDEF311FA154BA00723DC4 /* Debug */ = {
			isa = XCBuildConfiguration;
			buildSettings = {
				ALWAYS_SEARCH_USER_PATHS = NO;
				CLANG_ANALYZER_NONNULL = YES;
				CLANG_ANALYZER_NUMBER_OBJECT_CONVERSION = YES_AGGRESSIVE;
				CLANG_CXX_LANGUAGE_STANDARD = "gnu++14";
				CLANG_CXX_LIBRARY = "libc++";
				CLANG_ENABLE_MODULES = YES;
				CLANG_ENABLE_OBJC_ARC = YES;
				CLANG_WARN_BLOCK_CAPTURE_AUTORELEASING = YES;
				CLANG_WARN_BOOL_CONVERSION = YES;
				CLANG_WARN_COMMA = YES;
				CLANG_WARN_CONSTANT_CONVERSION = YES;
				CLANG_WARN_DIRECT_OBJC_ISA_USAGE = YES_ERROR;
				CLANG_WARN_DOCUMENTATION_COMMENTS = YES;
				CLANG_WARN_EMPTY_BODY = YES;
				CLANG_WARN_ENUM_CONVERSION = YES;
				CLANG_WARN_INFINITE_RECURSION = YES;
				CLANG_WARN_INT_CONVERSION = YES;
				CLANG_WARN_NON_LITERAL_NULL_CONVERSION = YES;
				CLANG_WARN_OBJC_LITERAL_CONVERSION = YES;
				CLANG_WARN_OBJC_ROOT_CLASS = YES_ERROR;
				CLANG_WARN_RANGE_LOOP_ANALYSIS = YES;
				CLANG_WARN_STRICT_PROTOTYPES = YES;
				CLANG_WARN_SUSPICIOUS_MOVE = YES;
				CLANG_WARN_UNGUARDED_AVAILABILITY = YES_AGGRESSIVE;
				CLANG_WARN_UNREACHABLE_CODE = YES;
				CLANG_WARN__DUPLICATE_METHOD_MATCH = YES;
				CODE_SIGN_IDENTITY = "iPhone Developer";
				COPY_PHASE_STRIP = NO;
				DEBUG_INFORMATION_FORMAT = dwarf;
				ENABLE_STRICT_OBJC_MSGSEND = YES;
				ENABLE_TESTABILITY = YES;
				GCC_C_LANGUAGE_STANDARD = gnu11;
				GCC_DYNAMIC_NO_PIC = NO;
				GCC_NO_COMMON_BLOCKS = YES;
				GCC_OPTIMIZATION_LEVEL = 0;
				GCC_PREPROCESSOR_DEFINITIONS = (
					"DEBUG=1",
					"$(inherited)",
				);
				GCC_WARN_64_TO_32_BIT_CONVERSION = YES;
				GCC_WARN_ABOUT_RETURN_TYPE = YES_ERROR;
				GCC_WARN_UNDECLARED_SELECTOR = YES;
				GCC_WARN_UNINITIALIZED_AUTOS = YES_AGGRESSIVE;
				GCC_WARN_UNUSED_FUNCTION = YES;
				GCC_WARN_UNUSED_VARIABLE = YES;
				IPHONEOS_DEPLOYMENT_TARGET = 11.0;
				MTL_ENABLE_DEBUG_INFO = YES;
				ONLY_ACTIVE_ARCH = YES;
				SDKROOT = iphoneos;
			};
			name = Debug;
		};
		CEEDEF321FA154BA00723DC4 /* Release */ = {
			isa = XCBuildConfiguration;
			buildSettings = {
				ALWAYS_SEARCH_USER_PATHS = NO;
				CLANG_ANALYZER_NONNULL = YES;
				CLANG_ANALYZER_NUMBER_OBJECT_CONVERSION = YES_AGGRESSIVE;
				CLANG_CXX_LANGUAGE_STANDARD = "gnu++14";
				CLANG_CXX_LIBRARY = "libc++";
				CLANG_ENABLE_MODULES = YES;
				CLANG_ENABLE_OBJC_ARC = YES;
				CLANG_WARN_BLOCK_CAPTURE_AUTORELEASING = YES;
				CLANG_WARN_BOOL_CONVERSION = YES;
				CLANG_WARN_COMMA = YES;
				CLANG_WARN_CONSTANT_CONVERSION = YES;
				CLANG_WARN_DIRECT_OBJC_ISA_USAGE = YES_ERROR;
				CLANG_WARN_DOCUMENTATION_COMMENTS = YES;
				CLANG_WARN_EMPTY_BODY = YES;
				CLANG_WARN_ENUM_CONVERSION = YES;
				CLANG_WARN_INFINITE_RECURSION = YES;
				CLANG_WARN_INT_CONVERSION = YES;
				CLANG_WARN_NON_LITERAL_NULL_CONVERSION = YES;
				CLANG_WARN_OBJC_LITERAL_CONVERSION = YES;
				CLANG_WARN_OBJC_ROOT_CLASS = YES_ERROR;
				CLANG_WARN_RANGE_LOOP_ANALYSIS = YES;
				CLANG_WARN_STRICT_PROTOTYPES = YES;
				CLANG_WARN_SUSPICIOUS_MOVE = YES;
				CLANG_WARN_UNGUARDED_AVAILABILITY = YES_AGGRESSIVE;
				CLANG_WARN_UNREACHABLE_CODE = YES;
				CLANG_WARN__DUPLICATE_METHOD_MATCH = YES;
				CODE_SIGN_IDENTITY = "iPhone Developer";
				COPY_PHASE_STRIP = NO;
				DEBUG_INFORMATION_FORMAT = "dwarf-with-dsym";
				ENABLE_NS_ASSERTIONS = NO;
				ENABLE_STRICT_OBJC_MSGSEND = YES;
				GCC_C_LANGUAGE_STANDARD = gnu11;
				GCC_NO_COMMON_BLOCKS = YES;
				GCC_WARN_64_TO_32_BIT_CONVERSION = YES;
				GCC_WARN_ABOUT_RETURN_TYPE = YES_ERROR;
				GCC_WARN_UNDECLARED_SELECTOR = YES;
				GCC_WARN_UNINITIALIZED_AUTOS = YES_AGGRESSIVE;
				GCC_WARN_UNUSED_FUNCTION = YES;
				GCC_WARN_UNUSED_VARIABLE = YES;
				IPHONEOS_DEPLOYMENT_TARGET = 11.0;
				MTL_ENABLE_DEBUG_INFO = NO;
				SDKROOT = iphoneos;
				VALIDATE_PRODUCT = YES;
			};
			name = Release;
		};
		CEEDEF341FA154BA00723DC4 /* Debug */ = {
			isa = XCBuildConfiguration;
			buildSettings = {
				ASSETCATALOG_COMPILER_APPICON_NAME = AppIcon;
				CODE_SIGN_STYLE = Automatic;
				INFOPLIST_FILE = SendOverPersonHeightInfo/Info.plist;
				IPHONEOS_DEPLOYMENT_TARGET = 11.0;
				LD_RUNPATH_SEARCH_PATHS = "$(inherited) @executable_path/Frameworks";
				PRODUCT_BUNDLE_IDENTIFIER = user.SendOverPersonHeightInfo;
				PRODUCT_NAME = "$(TARGET_NAME)";
				TARGETED_DEVICE_FAMILY = "1,2";
			};
			name = Debug;
		};
		CEEDEF351FA154BA00723DC4 /* Release */ = {
			isa = XCBuildConfiguration;
			buildSettings = {
				ASSETCATALOG_COMPILER_APPICON_NAME = AppIcon;
				CODE_SIGN_STYLE = Automatic;
				INFOPLIST_FILE = SendOverPersonHeightInfo/Info.plist;
				IPHONEOS_DEPLOYMENT_TARGET = 11.0;
				LD_RUNPATH_SEARCH_PATHS = "$(inherited) @executable_path/Frameworks";
				PRODUCT_BUNDLE_IDENTIFIER = user.SendOverPersonHeightInfo;
				PRODUCT_NAME = "$(TARGET_NAME)";
				TARGETED_DEVICE_FAMILY = "1,2";
			};
			name = Release;
		};
/* End XCBuildConfiguration section */

/* Begin XCConfigurationList section */
		CEEDEF181FA154BA00723DC4 /* Build configuration list for PBXProject "SendOverPersonHeightInfo" */ = {
			isa = XCConfigurationList;
			buildConfigurations = (
				CEEDEF311FA154BA00723DC4 /* Debug */,
				CEEDEF321FA154BA00723DC4 /* Release */,
			);
			defaultConfigurationIsVisible = 0;
			defaultConfigurationName = Release;
		};
		CEEDEF331FA154BA00723DC4 /* Build configuration list for PBXNativeTarget "SendOverPersonHeightInfo" */ = {
			isa = XCConfigurationList;
			buildConfigurations = (
				CEEDEF341FA154BA00723DC4 /* Debug */,
				CEEDEF351FA154BA00723DC4 /* Release */,
			);
			defaultConfigurationIsVisible = 0;
			defaultConfigurationName = Release;
		};
/* End XCConfigurationList section */
	};
	rootObject = CEEDEF151FA154BA00723DC4 /* Project object */;
}
